
Microsoft Visual Studio Solution File, Format Version 12.00
# Visual Studio Version 16
VisualStudioVersion = 16.0.29613.14
MinimumVisualStudioVersion = 10.0.40219.1
Project("{FAE04EC0-301F-11D3-BF4B-00C04F79EFBC}") = "fitnessClubPractice", "fitnessClubPractice\fitnessClubPractice.csproj", "{82723DAD-9E2F-4140-8774-38A9F427E0C3}"
EndProject
Global
	GlobalSection(SolutionConfigurationPlatforms) = preSolution
		Debug|Any CPU = Debug|Any CPU
		Release|Any CPU = Release|Any CPU
	EndGlobalSection
	GlobalSection(ProjectConfigurationPlatforms) = postSolution
		{82723DAD-9E2F-4140-8774-38A9F427E0C3}.Debug|Any CPU.ActiveCfg = Debug|Any CPU
		{82723DAD-9E2F-4140-8774-38A9F427E0C3}.Debug|Any CPU.Build.0 = Debug|Any CPU
		{82723DAD-9E2F-4140-8774-38A9F427E0C3}.Release|Any CPU.ActiveCfg = Release|Any CPU
		{82723DAD-9E2F-4140-8774-38A9F427E0C3}.Release|Any CPU.Build.0 = Release|Any CPU
	EndGlobalSection
	GlobalSection(SolutionProperties) = preSolution
		HideSolutionNode = FALSE
	EndGlobalSection
	GlobalSection(ExtensibilityGlobals) = postSolution
		SolutionGuid = {A48EACA7-235C-4B1F-BB66-ABCF3B8BCBF5}
	EndGlobalSection
EndGlobal
